
Microsoft Visual Studio Solution File, Format Version 12.00
Project("{FAE04EC0-301F-11D3-BF4B-00C04F79EFBC}") = "Junoon.Core", "Junoon.Core\Junoon.Core.csproj", "{86B0C0FA-D3F5-4FB7-8FD3-70041A80D4D2}"
EndProject
Project("{FAE04EC0-301F-11D3-BF4B-00C04F79EFBC}") = "Junoon.CLI", "Junoon.CLI\Junoon.CLI.csproj", "{147B6AD7-2A42-46E0-AE11-CA4F38392CF4}"
EndProject
Global
	GlobalSection(SolutionConfigurationPlatforms) = preSolution
		Debug|Any CPU = Debug|Any CPU
		Release|Any CPU = Release|Any CPU
	EndGlobalSection
	GlobalSection(ProjectConfigurationPlatforms) = postSolution
		{86B0C0FA-D3F5-4FB7-8FD3-70041A80D4D2}.Debug|Any CPU.ActiveCfg = Debug|Any CPU
		{86B0C0FA-D3F5-4FB7-8FD3-70041A80D4D2}.Debug|Any CPU.Build.0 = Debug|Any CPU
		{86B0C0FA-D3F5-4FB7-8FD3-70041A80D4D2}.Release|Any CPU.ActiveCfg = Release|Any CPU
		{86B0C0FA-D3F5-4FB7-8FD3-70041A80D4D2}.Release|Any CPU.Build.0 = Release|Any CPU
		{147B6AD7-2A42-46E0-AE11-CA4F38392CF4}.Debug|Any CPU.ActiveCfg = Debug|Any CPU
		{147B6AD7-2A42-46E0-AE11-CA4F38392CF4}.Debug|Any CPU.Build.0 = Debug|Any CPU
		{147B6AD7-2A42-46E0-AE11-CA4F38392CF4}.Release|Any CPU.ActiveCfg = Release|Any CPU
		{147B6AD7-2A42-46E0-AE11-CA4F38392CF4}.Release|Any CPU.Build.0 = Release|Any CPU
	EndGlobalSection
EndGlobal
